{
  "name": "kurdishtts-sigverify",
  "lockfileVersion": 3,
  "requires": true,
  "packages": {
    "": {
      "name": "kurdishtts-sigverify",
      "dependencies": {
        "@pezkuwi/util": "14.0.25",
        "@pezkuwi/util-crypto": "14.0.25",
        "@scure/sr25519": "2.4.0"
      },
      "devDependencies": {
        "@pezkuwi/keyring": "^14.0.25"
      }
    },
    "node_modules/@noble/curves": {
      "version": "1.9.7",
      "resolved": "https://registry.npmjs.org/@noble/curves/-/curves-1.9.7.tgz",
      "integrity": "sha512-gbKGcRUYIjA3/zCCNaWDciTMFI0dCkvou3TL8Zmy5Nc7sJ47a0jtOeZoTaMxkuqRo9cRhjOdZJXegxYE5FN/xw==",
      "license": "MIT",
      "dependencies": {
        "@noble/hashes": "1.8.0"
      },
      "engines": {
        "node": "^14.21.3 || >=16"
      },
      "funding": {
        "url": "https://paulmillr.com/funding/"
      }
    },
    "node_modules/@noble/hashes": {
      "version": "1.8.0",
      "resolved": "https://registry.npmjs.org/@noble/hashes/-/hashes-1.8.0.tgz",
      "integrity": "sha512-jCs9ldd7NwzpgXDIf6P3+NrHh9/sD6CQdxHyjQI+h/6rDNo88ypBxxz45UDuZHz9r3tNz7N/VInSVoVdtXEI4A==",
      "license": "MIT",
      "engines": {
        "node": "^14.21.3 || >=16"
      },
      "funding": {
        "url": "https://paulmillr.com/funding/"
      }
    },
    "node_modules/@pezkuwi/keyring": {
      "version": "14.0.25",
      "resolved": "https://registry.npmjs.org/@pezkuwi/keyring/-/keyring-14.0.25.tgz",
      "integrity": "sha512-EJBA4u2Sw4bpPjjTvmVi8ggRAEblq/L3D/SiaEn40ftv0qJGziluxEaYG4/iTVXmfbCuzu9xNKbIwmWldBWQBQ==",
      "dev": true,
      "license": "Apache-2.0",
      "dependencies": {
        "@pezkuwi/util": "14.0.25",
        "@pezkuwi/util-crypto": "14.0.25",
        "tslib": "^2.8.0"
      },
      "engines": {
        "node": ">=18"
      },
      "peerDependencies": {
        "@pezkuwi/util": "14.0.25",
        "@pezkuwi/util-crypto": "14.0.25"
      }
    },
    "node_modules/@pezkuwi/networks": {
      "version": "14.0.25",
      "resolved": "https://registry.npmjs.org/@pezkuwi/networks/-/networks-14.0.25.tgz",
      "integrity": "sha512-wTkWXwWWv/YU6KYx/Z1o98x0/6GV7H1demRT0NmOhXrlnWvSbReXsvm0YTnZlqArLuAPAhJlFi2jzfbARKZh+g==",
      "license": "Apache-2.0",
      "dependencies": {
        "@pezkuwi/util": "14.0.25",
        "@substrate/ss58-registry": "^1.51.0",
        "tslib": "^2.8.0"
      },
      "engines": {
        "node": ">=18"
      }
    },
    "node_modules/@pezkuwi/scure-sr25519": {
      "version": "0.2.1",
      "resolved": "https://registry.npmjs.org/@pezkuwi/scure-sr25519/-/scure-sr25519-0.2.1.tgz",
      "integrity": "sha512-KGxCR+fI4p8QyIpwmRNIj8fbq7O+yz0iZZ/O2HJBVE7O9D6ksBKwIILqODJfE6Qvrf3F8DyT6/3cPoR3e/s8iA==",
      "license": "MIT",
      "dependencies": {
        "@noble/curves": "~1.9.2",
        "@noble/hashes": "~1.8.0"
      }
    },
    "node_modules/@pezkuwi/util": {
      "version": "14.0.25",
      "resolved": "https://registry.npmjs.org/@pezkuwi/util/-/util-14.0.25.tgz",
      "integrity": "sha512-OCqCieVmdI74c8GfSLkuC1xpcMJTIez5YxWcVssxR0NpA462fXc1uHaIZBit/aHgYXn18G3TMeGBxSx1DVLWpg==",
      "license": "Apache-2.0",
      "dependencies": {
        "@pezkuwi/x-bigint": "14.0.25",
        "@pezkuwi/x-global": "14.0.25",
        "@pezkuwi/x-textdecoder": "14.0.25",
        "@pezkuwi/x-textencoder": "14.0.25",
        "@types/bn.js": "^5.1.6",
        "bn.js": "^5.2.1",
        "tslib": "^2.8.0"
      },
      "engines": {
        "node": ">=18"
      }
    },
    "node_modules/@pezkuwi/util-crypto": {
      "version": "14.0.25",
      "resolved": "https://registry.npmjs.org/@pezkuwi/util-crypto/-/util-crypto-14.0.25.tgz",
      "integrity": "sha512-SZLOx8J8+l9oEHOPOFbzcdKeyr7zvGOgD1WQ74ylYTZN+VRzMvSYOAio8HZObwSc5dc0mmzoc5HlrpFFDreNBQ==",
      "license": "Apache-2.0",
      "dependencies": {
        "@noble/curves": "^1.3.0",
        "@noble/hashes": "^1.3.3",
        "@pezkuwi/networks": "14.0.25",
        "@pezkuwi/scure-sr25519": "^0.2.1",
        "@pezkuwi/util": "14.0.25",
        "@pezkuwi/wasm-crypto": "7.5.17",
        "@pezkuwi/wasm-util": "7.5.17",
        "@pezkuwi/x-bigint": "14.0.25",
        "@pezkuwi/x-randomvalues": "14.0.25",
        "@scure/base": "^1.1.7",
        "tslib": "^2.8.0"
      },
      "engines": {
        "node": ">=18"
      },
      "peerDependencies": {
        "@pezkuwi/util": "14.0.25"
      }
    },
    "node_modules/@pezkuwi/wasm-bridge": {
      "version": "7.5.17",
      "resolved": "https://registry.npmjs.org/@pezkuwi/wasm-bridge/-/wasm-bridge-7.5.17.tgz",
      "integrity": "sha512-7mk6+9XzPReP60MLl+oxeq3SxadK13J4LfmzJWa2Bl08SyTwrpOPgD1ohowd1IvBVbMgnqPGr6BDnso8lEI1fw==",
      "license": "Apache-2.0",
      "dependencies": {
        "@pezkuwi/wasm-util": "7.5.17",
        "tslib": "^2.7.0"
      },
      "engines": {
        "node": ">=18"
      },
      "peerDependencies": {
        "@pezkuwi/util": "*",
        "@pezkuwi/x-randomvalues": "*"
      }
    },
    "node_modules/@pezkuwi/wasm-crypto": {
      "version": "7.5.17",
      "resolved": "https://registry.npmjs.org/@pezkuwi/wasm-crypto/-/wasm-crypto-7.5.17.tgz",
      "integrity": "sha512-RmXyo3V4VIUqlInRtsolD90Tg6iLgSGyZ8EFbKqnvzmoKreVA3ybnW8gqBxioQXkfCQKl63jnSAmd3mV0VwYNg==",
      "license": "Apache-2.0",
      "dependencies": {
        "@noble/hashes": "^1.3.3",
        "@pezkuwi/wasm-bridge": "7.5.17",
        "@pezkuwi/wasm-crypto-asmjs": "7.5.17",
        "@pezkuwi/wasm-crypto-init": "7.5.17",
        "@pezkuwi/wasm-crypto-wasm": "7.5.17",
        "@pezkuwi/wasm-util": "7.5.17",
        "tslib": "^2.7.0"
      },
      "engines": {
        "node": ">=18"
      },
      "peerDependencies": {
        "@pezkuwi/util": "*",
        "@pezkuwi/x-randomvalues": "*"
      }
    },
    "node_modules/@pezkuwi/wasm-crypto-asmjs": {
      "version": "7.5.17",
      "resolved": "https://registry.npmjs.org/@pezkuwi/wasm-crypto-asmjs/-/wasm-crypto-asmjs-7.5.17.tgz",
      "integrity": "sha512-akM7/goSqYenoQXQYYiMP2esxka6IaqhcidKB54FAucvtIO5O2LtbAfCeNN+e5xyiAeTcTUXbSrVzDOd4+3czA==",
      "license": "Apache-2.0",
      "dependencies": {
        "tslib": "^2.7.0"
      },
      "engines": {
        "node": ">=18"
      },
      "peerDependencies": {
        "@pezkuwi/util": "*"
      }
    },
    "node_modules/@pezkuwi/wasm-crypto-init": {
      "version": "7.5.17",
      "resolved": "https://registry.npmjs.org/@pezkuwi/wasm-crypto-init/-/wasm-crypto-init-7.5.17.tgz",
      "integrity": "sha512-q/T6sj8bFL2JPeTmSGbwd8E4LpK+hKdAhDR86jrZ/rKMNuLnYMSYuiR7GraymYFqlG2yLZoJihKn5b8J40YjaQ==",
      "license": "Apache-2.0",
      "dependencies": {
        "@pezkuwi/wasm-bridge": "7.5.17",
        "@pezkuwi/wasm-crypto-asmjs": "7.5.17",
        "@pezkuwi/wasm-crypto-wasm": "7.5.17",
        "@pezkuwi/wasm-util": "7.5.17",
        "tslib": "^2.7.0"
      },
      "engines": {
        "node": ">=18"
      },
      "peerDependencies": {
        "@pezkuwi/util": "*",
        "@pezkuwi/x-randomvalues": "*"
      }
    },
    "node_modules/@pezkuwi/wasm-crypto-wasm": {
      "version": "7.5.17",
      "resolved": "https://registry.npmjs.org/@pezkuwi/wasm-crypto-wasm/-/wasm-crypto-wasm-7.5.17.tgz",
      "integrity": "sha512-yg9/ldrHSUaIJ+db7vuPkU6DBw/SAuU4kK2L05LEbFeC093SfRS4f0qnIwNhlgjEJVsAfSWjZXOGBAM1Mc8aHg==",
      "license": "Apache-2.0",
      "dependencies": {
        "@pezkuwi/wasm-util": "7.5.17",
        "tslib": "^2.7.0"
      },
      "engines": {
        "node": ">=18"
      },
      "peerDependencies": {
        "@pezkuwi/util": "*"
      }
    },
    "node_modules/@pezkuwi/wasm-util": {
      "version": "7.5.17",
      "resolved": "https://registry.npmjs.org/@pezkuwi/wasm-util/-/wasm-util-7.5.17.tgz",
      "integrity": "sha512-MHodOmAuldNmmkTwZgGmSvCvUbhgR79N6biG6QVXrUtwVGUK37IUx/195T1cG0IZaSjLsWwz3olhksto5z54Lw==",
      "license": "Apache-2.0",
      "dependencies": {
        "tslib": "^2.7.0"
      },
      "engines": {
        "node": ">=18"
      },
      "peerDependencies": {
        "@pezkuwi/util": "*"
      }
    },
    "node_modules/@pezkuwi/x-bigint": {
      "version": "14.0.25",
      "resolved": "https://registry.npmjs.org/@pezkuwi/x-bigint/-/x-bigint-14.0.25.tgz",
      "integrity": "sha512-9CG28jPK0EUuXTn8QWnsYjXycfHBVQCR5QGJ17hgRenzRRDzoIB5unhC0XklcIh5U/KO88TPRVZKKiwSfQXlKg==",
      "license": "Apache-2.0",
      "dependencies": {
        "@pezkuwi/x-global": "14.0.25",
        "tslib": "^2.8.0"
      },
      "engines": {
        "node": ">=18"
      }
    },
    "node_modules/@pezkuwi/x-global": {
      "version": "14.0.25",
      "resolved": "https://registry.npmjs.org/@pezkuwi/x-global/-/x-global-14.0.25.tgz",
      "integrity": "sha512-WxY0dCOWFfqqd2jtLNX8BmJMCR5NTlc9QBuL3u4TwF6yAc4jKqlq3F1J1vAMESnBwnR1jUepKgn+2dpGuspJYw==",
      "license": "Apache-2.0",
      "dependencies": {
        "tslib": "^2.8.0"
      },
      "engines": {
        "node": ">=18"
      }
    },
    "node_modules/@pezkuwi/x-randomvalues": {
      "version": "14.0.25",
      "resolved": "https://registry.npmjs.org/@pezkuwi/x-randomvalues/-/x-randomvalues-14.0.25.tgz",
      "integrity": "sha512-Kkbkdv8e2XZEnhwJHaqM27wKn25fc/Dt6neGy3x150AVuf4EjWnM0Q9pNVC4WQKbThvDQ8SvzCdfZos4Lae8sA==",
      "license": "Apache-2.0",
      "dependencies": {
        "@pezkuwi/x-global": "14.0.25",
        "tslib": "^2.8.0"
      },
      "engines": {
        "node": ">=18"
      },
      "peerDependencies": {
        "@pezkuwi/util": "14.0.25",
        "@pezkuwi/wasm-util": "7.5.17"
      }
    },
    "node_modules/@pezkuwi/x-textdecoder": {
      "version": "14.0.25",
      "resolved": "https://registry.npmjs.org/@pezkuwi/x-textdecoder/-/x-textdecoder-14.0.25.tgz",
      "integrity": "sha512-ecse2X9BKG164BfCesCZfL3lZU+XAdLjaOKzLqPB+hlTshHVnnSAvUvZNaw4zq9ztBVhhktxZ9K27S1w8ZANMg==",
      "license": "Apache-2.0",
      "dependencies": {
        "@pezkuwi/x-global": "14.0.25",
        "tslib": "^2.8.0"
      },
      "engines": {
        "node": ">=18"
      }
    },
    "node_modules/@pezkuwi/x-textencoder": {
      "version": "14.0.25",
      "resolved": "https://registry.npmjs.org/@pezkuwi/x-textencoder/-/x-textencoder-14.0.25.tgz",
      "integrity": "sha512-0R25a5V8ykoHCHwl2zYsW6FxQlGdPgHiaGUUqY4wfnNAyUsolsm1YU772vfNfARdLN6K+jiRdQ6I6RW114LtgQ==",
      "license": "Apache-2.0",
      "dependencies": {
        "@pezkuwi/x-global": "14.0.25",
        "tslib": "^2.8.0"
      },
      "engines": {
        "node": ">=18"
      }
    },
    "node_modules/@scure/base": {
      "version": "1.2.6",
      "resolved": "https://registry.npmjs.org/@scure/base/-/base-1.2.6.tgz",
      "integrity": "sha512-g/nm5FgUa//MCj1gV09zTJTaM6KBAHqLN907YVQqf7zC49+DcO4B1so4ZX07Ef10Twr6nuqYEH9GEggFXA4Fmg==",
      "license": "MIT",
      "funding": {
        "url": "https://paulmillr.com/funding/"
      }
    },
    "node_modules/@scure/sr25519": {
      "version": "2.4.0",
      "resolved": "https://registry.npmjs.org/@scure/sr25519/-/sr25519-2.4.0.tgz",
      "integrity": "sha512-Xzpy/MuVqR8wNHrXrz6HHLqCI8nPirQmJEhOMabZ8jSrM6bQiDg+1xkUgw4+Kr7857u3xxQL/PfKFeav9rodZg==",
      "license": "MIT",
      "dependencies": {
        "@noble/curves": "2.4.0",
        "@noble/hashes": "2.4.0"
      },
      "engines": {
        "node": ">= 20.19.0"
      },
      "funding": {
        "url": "https://paulmillr.com/funding/"
      }
    },
    "node_modules/@scure/sr25519/node_modules/@noble/curves": {
      "version": "2.4.0",
      "resolved": "https://registry.npmjs.org/@noble/curves/-/curves-2.4.0.tgz",
      "integrity": "sha512-P4/62zrgfH33CneE3Dn4WhJVA22YUU0eR51wKIan4NVRvwsA0YnPTwWGpNbpuacSujmSFLvyzpyuR30+fbq2Ew==",
      "license": "MIT",
      "dependencies": {
        "@noble/hashes": "2.4.0"
      },
      "engines": {
        "node": ">= 20.19.0"
      },
      "funding": {
        "url": "https://paulmillr.com/funding/"
      }
    },
    "node_modules/@scure/sr25519/node_modules/@noble/hashes": {
      "version": "2.4.0",
      "resolved": "https://registry.npmjs.org/@noble/hashes/-/hashes-2.4.0.tgz",
      "integrity": "sha512-X5XaVWZIBCT7HHZGm5I7ZQXDwLG+bGXuSrMQAW+7Zvl87h1kmc1ZB1VSRJcpUfoUrGQp4Fkoxm5kZ+Ms+aW+eA==",
      "license": "MIT",
      "engines": {
        "node": ">= 20.19.0"
      },
      "funding": {
        "url": "https://paulmillr.com/funding/"
      }
    },
    "node_modules/@substrate/ss58-registry": {
      "version": "1.51.0",
      "resolved": "https://registry.npmjs.org/@substrate/ss58-registry/-/ss58-registry-1.51.0.tgz",
      "integrity": "sha512-TWDurLiPxndFgKjVavCniytBIw+t4ViOi7TYp9h/D0NMmkEc9klFTo+827eyEJ0lELpqO207Ey7uGxUa+BS1jQ==",
      "license": "Apache-2.0"
    },
    "node_modules/@types/bn.js": {
      "version": "5.2.0",
      "resolved": "https://registry.npmjs.org/@types/bn.js/-/bn.js-5.2.0.tgz",
      "integrity": "sha512-DLbJ1BPqxvQhIGbeu8VbUC1DiAiahHtAYvA0ZEAa4P31F7IaArc8z3C3BRQdWX4mtLQuABG4yzp76ZrS02Ui1Q==",
      "license": "MIT",
      "dependencies": {
        "@types/node": "*"
      }
    },
    "node_modules/@types/node": {
      "version": "26.6.4",
      "resolved": "https://registry.npmjs.org/@types/node/-/node-26.6.4.tgz",
      "integrity": "sha512-ldVPDCzj7fsaGZrLB0NuHuTvJcsNasysBAqMolr/cgxrLd1xbqxIr3XJiPnHHJUCxj5sNF1vnRj9aWnrVh5Jcg==",
      "license": "MIT",
      "dependencies": {
        "undici-types": "~8.9.0"
      }
    },
    "node_modules/bn.js": {
      "version": "5.2.5",
      "resolved": "https://registry.npmjs.org/bn.js/-/bn.js-5.2.5.tgz",
      "integrity": "sha512-Vq886eXykuP5E6HcKSSStP3bJgrE6In5WKxVUvJ8XGpWWYs2xZHWqUwzCtGgEtBcxyd57KBFDPFoUfNzdaHCNg==",
      "license": "MIT"
    },
    "node_modules/tslib": {
      "version": "2.8.1",
      "resolved": "https://registry.npmjs.org/tslib/-/tslib-2.8.1.tgz",
      "integrity": "sha512-oJFu94HQb+KVduSUQL7wnpmqnfmLsOA/nAh6b6EH0wCEoK0/mPeXU6c3wKDV83MkOuHPRHtSXKKU99IBazS/2w==",
      "license": "0BSD"
    },
    "node_modules/undici-types": {
      "version": "8.9.0",
      "resolved": "https://registry.npmjs.org/undici-types/-/undici-types-8.9.0.tgz",
      "integrity": "sha512-KTDyRTYX8sWmKXAikPHHSyc63CRPETMctyjKFupcC6OBLXT3xsN0e9aF7m+mIXutFWpUXuedtowG7iLOzp0kQg==",
      "license": "MIT"
    }
  }
}
